// !$*UTF8*$!
{
	archiveVersion = 1;
	classes = {
	};
	objectVersion = 46;
	objects = {

/* Begin PBXBuildFile section */
		642088A51DAE687700B8E59C /* Window.hpp in Headers */ = {isa = PBXBuildFile; fileRef = 64BED3291DA588150088E3F4 /* Window.hpp */; settings = {ATTRIBUTES = (Public, ); }; };
		642088A61DAE687B00B8E59C /* World.hpp in Headers */ = {isa = PBXBuildFile; fileRef = 64BED32B1DA591170088E3F4 /* World.hpp */; settings = {ATTRIBUTES = (Public, ); }; };
		642088A71DAE687B00B8E59C /* Program.hpp in Headers */ = {isa = PBXBuildFile; fileRef = 64BED32C1DA591230088E3F4 /* Program.hpp */; settings = {ATTRIBUTES = (Public, ); }; };
		642088A81DAE687B00B8E59C /* Texture.hpp in Headers */ = {isa = PBXBuildFile; fileRef = 64BED3331DA5BC9D0088E3F4 /* Texture.hpp */; settings = {ATTRIBUTES = (Public, ); }; };
		642088A91DAE687B00B8E59C /* TileMap.hpp in Headers */ = {isa = PBXBuildFile; fileRef = 64BED3321DA5BC330088E3F4 /* TileMap.hpp */; settings = {ATTRIBUTES = (Public, ); }; };
		642088AB1DAE687B00B8E59C /* Screen.hpp in Headers */ = {isa = PBXBuildFile; fileRef = 64BED3281DA588090088E3F4 /* Screen.hpp */; settings = {ATTRIBUTES = (Public, ); }; };
		642088AD1DAE687B00B8E59C /* Node.hpp in Headers */ = {isa = PBXBuildFile; fileRef = 642088A41DAE686D00B8E59C /* Node.hpp */; settings = {ATTRIBUTES = (Public, ); }; };
		642088AF1DAE696A00B8E59C /* Node.cpp in Sources */ = {isa = PBXBuildFile; fileRef = 642088AE1DAE696A00B8E59C /* Node.cpp */; };
		6430537E1DBE3F1500BDA4F3 /* World.cpp in Sources */ = {isa = PBXBuildFile; fileRef = 6430537D1DBE3F1500BDA4F3 /* World.cpp */; };
		643053801DBE482C00BDA4F3 /* system.cpp in Sources */ = {isa = PBXBuildFile; fileRef = 6430537F1DBE482C00BDA4F3 /* system.cpp */; };
		645233751FCA35AD009EC072 /* ObjCSecret.hpp in Headers */ = {isa = PBXBuildFile; fileRef = 645233741FCA35AD009EC072 /* ObjCSecret.hpp */; };
		648AF1C21DB5F6DC0007A4CC /* scope.hpp in Headers */ = {isa = PBXBuildFile; fileRef = 648AF1C11DB5F6DC0007A4CC /* scope.hpp */; settings = {ATTRIBUTES = (Public, ); }; };
		648F97E91DB41D8A009EA284 /* Scene.hpp in Headers */ = {isa = PBXBuildFile; fileRef = 648F97E71DB41D7A009EA284 /* Scene.hpp */; settings = {ATTRIBUTES = (Public, ); }; };
		648F97FC1DB49941009EA284 /* Program.mm in Sources */ = {isa = PBXBuildFile; fileRef = 648F97FB1DB49941009EA284 /* Program.mm */; };
		648F980A1DB4FBF6009EA284 /* Assets.xcassets in Resources */ = {isa = PBXBuildFile; fileRef = 648F98091DB4FBF6009EA284 /* Assets.xcassets */; };
		648F98121DB4FC08009EA284 /* test.cpp in Sources */ = {isa = PBXBuildFile; fileRef = 648F97F91DB4979C009EA284 /* test.cpp */; };
		648F98131DB4FC1B009EA284 /* libRUN.dylib in Frameworks */ = {isa = PBXBuildFile; fileRef = 64BED3101DA583B10088E3F4 /* libRUN.dylib */; };
		649A0E0C1DBCCA1800EE7D46 /* all.hpp in Headers */ = {isa = PBXBuildFile; fileRef = 649A0E0B1DBCCA1800EE7D46 /* all.hpp */; settings = {ATTRIBUTES = (Public, ); }; };
		64BB512C1DB5138F00E33801 /* Program.cpp in Sources */ = {isa = PBXBuildFile; fileRef = 64BB512B1DB5138F00E33801 /* Program.cpp */; };
		64BC8E751DB0FFF400226634 /* TextureCache.cpp in Sources */ = {isa = PBXBuildFile; fileRef = 64BC8E741DB0FFF400226634 /* TextureCache.cpp */; };
		64BC8E771DB1004500226634 /* TextureFrame.cpp in Sources */ = {isa = PBXBuildFile; fileRef = 64BC8E761DB1004500226634 /* TextureFrame.cpp */; };
		64BED31F1DA587750088E3F4 /* Screen.mm in Sources */ = {isa = PBXBuildFile; fileRef = 64BED31E1DA587750088E3F4 /* Screen.mm */; };
		64BED3211DA5879C0088E3F4 /* World.mm in Sources */ = {isa = PBXBuildFile; fileRef = 64BED3201DA5879C0088E3F4 /* World.mm */; };
		64BED3231DA587B10088E3F4 /* Window.mm in Sources */ = {isa = PBXBuildFile; fileRef = 64BED3221DA587B10088E3F4 /* Window.mm */; };
		64BED32E1DA593F00088E3F4 /* OpenGL.framework in Frameworks */ = {isa = PBXBuildFile; fileRef = 64BED32D1DA593F00088E3F4 /* OpenGL.framework */; };
		64BED3301DA594070088E3F4 /* Cocoa.framework in Frameworks */ = {isa = PBXBuildFile; fileRef = 64BED32F1DA594070088E3F4 /* Cocoa.framework */; };
		64BED3361DA5C1C40088E3F4 /* TileMap.cpp in Sources */ = {isa = PBXBuildFile; fileRef = 64BED3351DA5C1C40088E3F4 /* TileMap.cpp */; };
		64BED3381DA5C6180088E3F4 /* Texture.cpp in Sources */ = {isa = PBXBuildFile; fileRef = 64BED3371DA5C6180088E3F4 /* Texture.cpp */; };
		64C6BA6A1DBCEA6F00205084 /* Program.mm in Sources */ = {isa = PBXBuildFile; fileRef = 64C6BA691DBCEA6F00205084 /* Program.mm */; };
		64E28FA51DB2186900D1C245 /* Video.hpp in Headers */ = {isa = PBXBuildFile; fileRef = 64E28FA41DB2186900D1C245 /* Video.hpp */; settings = {ATTRIBUTES = (Public, ); }; };
		64E28FA61DB2187500D1C245 /* TextureCache.hpp in Headers */ = {isa = PBXBuildFile; fileRef = 64BC8E721DB0FF4800226634 /* TextureCache.hpp */; settings = {ATTRIBUTES = (Public, ); }; };
		64E28FA71DB2187500D1C245 /* TextureFrame.hpp in Headers */ = {isa = PBXBuildFile; fileRef = 64BC8E731DB0FF5600226634 /* TextureFrame.hpp */; settings = {ATTRIBUTES = (Public, ); }; };
		64E28FA91DB218D700D1C245 /* Video.cpp in Sources */ = {isa = PBXBuildFile; fileRef = 64E28FA81DB218D700D1C245 /* Video.cpp */; };
		64E28FAB1DB2193100D1C245 /* ParticleSystem.hpp in Headers */ = {isa = PBXBuildFile; fileRef = 64E28FAA1DB2193100D1C245 /* ParticleSystem.hpp */; settings = {ATTRIBUTES = (Public, ); }; };
		64E28FAD1DB219A300D1C245 /* ParticleSystem.cpp in Sources */ = {isa = PBXBuildFile; fileRef = 64E28FAC1DB219A300D1C245 /* ParticleSystem.cpp */; };
		64EE8A701DCEA4FE00780976 /* Scene.cpp in Sources */ = {isa = PBXBuildFile; fileRef = 64EE8A6F1DCEA4FE00780976 /* Scene.cpp */; };
		64EE8A741DCEE6D500780976 /* Color.hpp in Headers */ = {isa = PBXBuildFile; fileRef = 64EE8A731DCEE6D500780976 /* Color.hpp */; settings = {ATTRIBUTES = (Public, ); }; };
		64F512711DC93C360015BF34 /* Keyboard.hpp in Headers */ = {isa = PBXBuildFile; fileRef = 64F512701DC93C360015BF34 /* Keyboard.hpp */; settings = {ATTRIBUTES = (Public, ); }; };
		64F512731DC93C780015BF34 /* Keyboard.cpp in Sources */ = {isa = PBXBuildFile; fileRef = 64F512721DC93C780015BF34 /* Keyboard.cpp */; };
		64F70E991DCA86F100DA3802 /* Mouse.hpp in Headers */ = {isa = PBXBuildFile; fileRef = 64F70E981DCA86F100DA3802 /* Mouse.hpp */; settings = {ATTRIBUTES = (Public, ); }; };
		64F70E9B1DCAD3F300DA3802 /* Joystick.hpp in Headers */ = {isa = PBXBuildFile; fileRef = 64F70E9A1DCAD3F300DA3802 /* Joystick.hpp */; };
		64F7AFA91DC45EF4001845E4 /* Backend.hpp in Headers */ = {isa = PBXBuildFile; fileRef = 64F7AFA81DC45EF4001845E4 /* Backend.hpp */; settings = {ATTRIBUTES = (Public, ); }; };
/* End PBXBuildFile section */

/* Begin PBXFileReference section */
		642088A41DAE686D00B8E59C /* Node.hpp */ = {isa = PBXFileReference; lastKnownFileType = sourcecode.cpp.h; path = Node.hpp; sourceTree = "<group>"; };
		642088AE1DAE696A00B8E59C /* Node.cpp */ = {isa = PBXFileReference; fileEncoding = 4; lastKnownFileType = sourcecode.cpp.cpp; path = Node.cpp; sourceTree = "<group>"; };
		6430537D1DBE3F1500BDA4F3 /* World.cpp */ = {isa = PBXFileReference; fileEncoding = 4; lastKnownFileType = sourcecode.cpp.cpp; path = World.cpp; sourceTree = "<group>"; };
		6430537F1DBE482C00BDA4F3 /* system.cpp */ = {isa = PBXFileReference; fileEncoding = 4; lastKnownFileType = sourcecode.cpp.cpp; path = system.cpp; sourceTree = "<group>"; };
		645233741FCA35AD009EC072 /* ObjCSecret.hpp */ = {isa = PBXFileReference; fileEncoding = 4; lastKnownFileType = sourcecode.cpp.h; path = ObjCSecret.hpp; sourceTree = "<group>"; };
		648AF1C11DB5F6DC0007A4CC /* scope.hpp */ = {isa = PBXFileReference; fileEncoding = 4; lastKnownFileType = sourcecode.cpp.h; path = scope.hpp; sourceTree = "<group>"; };
		648F97E71DB41D7A009EA284 /* Scene.hpp */ = {isa = PBXFileReference; lastKnownFileType = sourcecode.cpp.h; path = Scene.hpp; sourceTree = "<group>"; };
		648F97F91DB4979C009EA284 /* test.cpp */ = {isa = PBXFileReference; fileEncoding = 4; lastKnownFileType = sourcecode.cpp.cpp; path = test.cpp; sourceTree = "<group>"; };
		648F97FB1DB49941009EA284 /* Program.mm */ = {isa = PBXFileReference; fileEncoding = 4; lastKnownFileType = sourcecode.cpp.objcpp; path = Program.mm; sourceTree = "<group>"; };
		648F98011DB4FBF6009EA284 /* RUN Test.app */ = {isa = PBXFileReference; explicitFileType = wrapper.application; includeInIndex = 0; path = "RUN Test.app"; sourceTree = BUILT_PRODUCTS_DIR; };
		648F98091DB4FBF6009EA284 /* Assets.xcassets */ = {isa = PBXFileReference; lastKnownFileType = folder.assetcatalog; path = Assets.xcassets; sourceTree = "<group>"; };
		648F980E1DB4FBF6009EA284 /* Info.plist */ = {isa = PBXFileReference; lastKnownFileType = text.plist.xml; path = Info.plist; sourceTree = "<group>"; };
		649A0E0B1DBCCA1800EE7D46 /* all.hpp */ = {isa = PBXFileReference; fileEncoding = 4; lastKnownFileType = sourcecode.cpp.h; path = all.hpp; sourceTree = "<group>"; };
		64BB512B1DB5138F00E33801 /* Program.cpp */ = {isa = PBXFileReference; fileEncoding = 4; lastKnownFileType = sourcecode.cpp.cpp; path = Program.cpp; sourceTree = "<group>"; };
		64BC8E721DB0FF4800226634 /* TextureCache.hpp */ = {isa = PBXFileReference; lastKnownFileType = sourcecode.cpp.h; path = TextureCache.hpp; sourceTree = "<group>"; };
		64BC8E731DB0FF5600226634 /* TextureFrame.hpp */ = {isa = PBXFileReference; lastKnownFileType = sourcecode.cpp.h; path = TextureFrame.hpp; sourceTree = "<group>"; };
		64BC8E741DB0FFF400226634 /* TextureCache.cpp */ = {isa = PBXFileReference; fileEncoding = 4; lastKnownFileType = sourcecode.cpp.cpp; path = TextureCache.cpp; sourceTree = "<group>"; };
		64BC8E761DB1004500226634 /* TextureFrame.cpp */ = {isa = PBXFileReference; fileEncoding = 4; lastKnownFileType = sourcecode.cpp.cpp; path = TextureFrame.cpp; sourceTree = "<group>"; };
		64BED3101DA583B10088E3F4 /* libRUN.dylib */ = {isa = PBXFileReference; explicitFileType = "compiled.mach-o.dylib"; includeInIndex = 0; path = libRUN.dylib; sourceTree = BUILT_PRODUCTS_DIR; };
		64BED31E1DA587750088E3F4 /* Screen.mm */ = {isa = PBXFileReference; fileEncoding = 4; lastKnownFileType = sourcecode.cpp.objcpp; path = Screen.mm; sourceTree = "<group>"; };
		64BED3201DA5879C0088E3F4 /* World.mm */ = {isa = PBXFileReference; fileEncoding = 4; lastKnownFileType = sourcecode.cpp.objcpp; path = World.mm; sourceTree = "<group>"; };
		64BED3221DA587B10088E3F4 /* Window.mm */ = {isa = PBXFileReference; fileEncoding = 4; lastKnownFileType = sourcecode.cpp.objcpp; path = Window.mm; sourceTree = "<group>"; };
		64BED3281DA588090088E3F4 /* Screen.hpp */ = {isa = PBXFileReference; lastKnownFileType = sourcecode.cpp.h; path = Screen.hpp; sourceTree = "<group>"; };
		64BED3291DA588150088E3F4 /* Window.hpp */ = {isa = PBXFileReference; lastKnownFileType = sourcecode.cpp.h; path = Window.hpp; sourceTree = "<group>"; };
		64BED32B1DA591170088E3F4 /* World.hpp */ = {isa = PBXFileReference; lastKnownFileType = sourcecode.cpp.h; path = World.hpp; sourceTree = "<group>"; };
		64BED32C1DA591230088E3F4 /* Program.hpp */ = {isa = PBXFileReference; lastKnownFileType = sourcecode.cpp.h; path = Program.hpp; sourceTree = "<group>"; };
		64BED32D1DA593F00088E3F4 /* OpenGL.framework */ = {isa = PBXFileReference; lastKnownFileType = wrapper.framework; name = OpenGL.framework; path = System/Library/Frameworks/OpenGL.framework; sourceTree = SDKROOT; };
		64BED32F1DA594070088E3F4 /* Cocoa.framework */ = {isa = PBXFileReference; lastKnownFileType = wrapper.framework; name = Cocoa.framework; path = System/Library/Frameworks/Cocoa.framework; sourceTree = SDKROOT; };
		64BED3321DA5BC330088E3F4 /* TileMap.hpp */ = {isa = PBXFileReference; lastKnownFileType = sourcecode.cpp.h; path = TileMap.hpp; sourceTree = "<group>"; };
		64BED3331DA5BC9D0088E3F4 /* Texture.hpp */ = {isa = PBXFileReference; lastKnownFileType = sourcecode.cpp.h; path = Texture.hpp; sourceTree = "<group>"; };
		64BED3351DA5C1C40088E3F4 /* TileMap.cpp */ = {isa = PBXFileReference; fileEncoding = 4; lastKnownFileType = sourcecode.cpp.cpp; path = TileMap.cpp; sourceTree = "<group>"; };
		64BED3371DA5C6180088E3F4 /* Texture.cpp */ = {isa = PBXFileReference; fileEncoding = 4; lastKnownFileType = sourcecode.cpp.cpp; path = Texture.cpp; sourceTree = "<group>"; };
		64C6BA691DBCEA6F00205084 /* Program.mm */ = {isa = PBXFileReference; fileEncoding = 4; lastKnownFileType = sourcecode.cpp.objcpp; path = Program.mm; sourceTree = "<group>"; };
		64E28FA41DB2186900D1C245 /* Video.hpp */ = {isa = PBXFileReference; fileEncoding = 4; lastKnownFileType = sourcecode.cpp.h; path = Video.hpp; sourceTree = "<group>"; };
		64E28FA81DB218D700D1C245 /* Video.cpp */ = {isa = PBXFileReference; fileEncoding = 4; lastKnownFileType = sourcecode.cpp.cpp; path = Video.cpp; sourceTree = "<group>"; };
		64E28FAA1DB2193100D1C245 /* ParticleSystem.hpp */ = {isa = PBXFileReference; fileEncoding = 4; lastKnownFileType = sourcecode.cpp.h; path = ParticleSystem.hpp; sourceTree = "<group>"; };
		64E28FAC1DB219A300D1C245 /* ParticleSystem.cpp */ = {isa = PBXFileReference; fileEncoding = 4; lastKnownFileType = sourcecode.cpp.cpp; path = ParticleSystem.cpp; sourceTree = "<group>"; };
		64EE8A6F1DCEA4FE00780976 /* Scene.cpp */ = {isa = PBXFileReference; fileEncoding = 4; lastKnownFileType = sourcecode.cpp.cpp; path = Scene.cpp; sourceTree = "<group>"; };
		64EE8A731DCEE6D500780976 /* Color.hpp */ = {isa = PBXFileReference; fileEncoding = 4; lastKnownFileType = sourcecode.cpp.h; path = Color.hpp; sourceTree = "<group>"; };
		64F512701DC93C360015BF34 /* Keyboard.hpp */ = {isa = PBXFileReference; fileEncoding = 4; lastKnownFileType = sourcecode.cpp.h; path = Keyboard.hpp; sourceTree = "<group>"; };
		64F512721DC93C780015BF34 /* Keyboard.cpp */ = {isa = PBXFileReference; fileEncoding = 4; lastKnownFileType = sourcecode.cpp.cpp; path = Keyboard.cpp; sourceTree = "<group>"; };
		64F70E981DCA86F100DA3802 /* Mouse.hpp */ = {isa = PBXFileReference; fileEncoding = 4; lastKnownFileType = sourcecode.cpp.h; path = Mouse.hpp; sourceTree = "<group>"; };
		64F70E9A1DCAD3F300DA3802 /* Joystick.hpp */ = {isa = PBXFileReference; fileEncoding = 4; lastKnownFileType = sourcecode.cpp.h; path = Joystick.hpp; sourceTree = "<group>"; };
		64F7AFA81DC45EF4001845E4 /* Backend.hpp */ = {isa = PBXFileReference; fileEncoding = 4; lastKnownFileType = sourcecode.cpp.h; path = Backend.hpp; sourceTree = "<group>"; };
/* End PBXFileReference section */

/* Begin PBXFrameworksBuildPhase section */
		648F97FE1DB4FBF6009EA284 /* Frameworks */ = {
			isa = PBXFrameworksBuildPhase;
			buildActionMask = 2147483647;
			files = (
				648F98131DB4FC1B009EA284 /* libRUN.dylib in Frameworks */,
			);
			runOnlyForDeploymentPostprocessing = 0;
		};
		64BED30D1DA583B10088E3F4 /* Frameworks */ = {
			isa = PBXFrameworksBuildPhase;
			buildActionMask = 2147483647;
			files = (
				64BED3301DA594070088E3F4 /* Cocoa.framework in Frameworks */,
				64BED32E1DA593F00088E3F4 /* OpenGL.framework in Frameworks */,
			);
			runOnlyForDeploymentPostprocessing = 0;
		};
/* End PBXFrameworksBuildPhase section */

/* Begin PBXGroup section */
		641DFCC81DCDD4A100AE6C95 /* Common */ = {
			isa = PBXGroup;
			children = (
				64F512721DC93C780015BF34 /* Keyboard.cpp */,
				642088AE1DAE696A00B8E59C /* Node.cpp */,
				64E28FAC1DB219A300D1C245 /* ParticleSystem.cpp */,
				64BB512B1DB5138F00E33801 /* Program.cpp */,
				64EE8A6F1DCEA4FE00780976 /* Scene.cpp */,
				64BED3371DA5C6180088E3F4 /* Texture.cpp */,
				64BC8E741DB0FFF400226634 /* TextureCache.cpp */,
				64BC8E761DB1004500226634 /* TextureFrame.cpp */,
				64BED3351DA5C1C40088E3F4 /* TileMap.cpp */,
				64E28FA81DB218D700D1C245 /* Video.cpp */,
				6430537D1DBE3F1500BDA4F3 /* World.cpp */,
			);
			name = Common;
			path = common;
			sourceTree = "<group>";
		};
		648F97EB1DB4226A009EA284 /* Tests */ = {
			isa = PBXGroup;
			children = (
			);
			name = Tests;
			path = ../../tests;
			sourceTree = "<group>";
		};
		648F98021DB4FBF6009EA284 /* Run Test */ = {
			isa = PBXGroup;
			children = (
				64F70EA31DCAE9AB00DA3802 /* Sources */,
				64F70EA11DCAE85900DA3802 /* Resources */,
			);
			name = "Run Test";
			path = "../../tests/RUN Test";
			sourceTree = "<group>";
		};
		64BED3071DA583B10088E3F4 = {
			isa = PBXGroup;
			children = (
				64BED3181DA585B30088E3F4 /* API */,
				64BED3171DA585AC0088E3F4 /* Sources */,
				648F97EB1DB4226A009EA284 /* Tests */,
				648F98021DB4FBF6009EA284 /* Run Test */,
				64BED3311DA595690088E3F4 /* Frameworks */,
				64BED3111DA583B10088E3F4 /* Products */,
			);
			sourceTree = "<group>";
		};
		64BED3111DA583B10088E3F4 /* Products */ = {
			isa = PBXGroup;
			children = (
				64BED3101DA583B10088E3F4 /* libRUN.dylib */,
				648F98011DB4FBF6009EA284 /* RUN Test.app */,
			);
			name = Products;
			sourceTree = "<group>";
		};
		64BED3171DA585AC0088E3F4 /* Sources */ = {
			isa = PBXGroup;
			children = (
				641DFCC81DCDD4A100AE6C95 /* Common */,
				64C6BA681DBCEA3100205084 /* Darwin */,
				64BED31C1DA5870B0088E3F4 /* Cocoa */,
			);
			name = Sources;
			path = ../../sources;
			sourceTree = "<group>";
		};
		64BED3181DA585B30088E3F4 /* API */ = {
			isa = PBXGroup;
			children = (
				649A0E0B1DBCCA1800EE7D46 /* all.hpp */,
				648AF1C11DB5F6DC0007A4CC /* scope.hpp */,
				64F7AFA81DC45EF4001845E4 /* Backend.hpp */,
				64EE8A731DCEE6D500780976 /* Color.hpp */,
				64F70E981DCA86F100DA3802 /* Mouse.hpp */,
				64F70E9A1DCAD3F300DA3802 /* Joystick.hpp */,
				64F512701DC93C360015BF34 /* Keyboard.hpp */,
				642088A41DAE686D00B8E59C /* Node.hpp */,
				64E28FAA1DB2193100D1C245 /* ParticleSystem.hpp */,
				64BED32C1DA591230088E3F4 /* Program.hpp */,
				648F97E71DB41D7A009EA284 /* Scene.hpp */,
				64BED3281DA588090088E3F4 /* Screen.hpp */,
				64BED3331DA5BC9D0088E3F4 /* Texture.hpp */,
				64BC8E721DB0FF4800226634 /* TextureCache.hpp */,
				64BC8E731DB0FF5600226634 /* TextureFrame.hpp */,
				64BED3321DA5BC330088E3F4 /* TileMap.hpp */,
				64E28FA41DB2186900D1C245 /* Video.hpp */,
				64BED32B1DA591170088E3F4 /* World.hpp */,
				64BED3291DA588150088E3F4 /* Window.hpp */,
			);
			name = API;
			path = "../../API/C++/RUN";
			sourceTree = "<group>";
		};
		64BED31C1DA5870B0088E3F4 /* Cocoa */ = {
			isa = PBXGroup;
			children = (
				64BED31E1DA587750088E3F4 /* Screen.mm */,
				64BED3201DA5879C0088E3F4 /* World.mm */,
				64BED3221DA587B10088E3F4 /* Window.mm */,
				648F97FB1DB49941009EA284 /* Program.mm */,
			);
			path = Cocoa;
			sourceTree = "<group>";
		};
		64BED3311DA595690088E3F4 /* Frameworks */ = {
			isa = PBXGroup;
			children = (
				64BED32F1DA594070088E3F4 /* Cocoa.framework */,
				64BED32D1DA593F00088E3F4 /* OpenGL.framework */,
			);
			name = Frameworks;
			sourceTree = "<group>";
		};
		64C6BA681DBCEA3100205084 /* Darwin */ = {
			isa = PBXGroup;
			children = (
				645233741FCA35AD009EC072 /* ObjCSecret.hpp */,
				6430537F1DBE482C00BDA4F3 /* system.cpp */,
				64C6BA691DBCEA6F00205084 /* Program.mm */,
			);
			path = Darwin;
			sourceTree = "<group>";
		};
		64F70EA11DCAE85900DA3802 /* Resources */ = {
			isa = PBXGroup;
			children = (
				64F70EA21DCAE86400DA3802 /* macOS */,
			);
			name = Resources;
			path = resources;
			sourceTree = "<group>";
		};
		64F70EA21DCAE86400DA3802 /* macOS */ = {
			isa = PBXGroup;
			children = (
				648F98091DB4FBF6009EA284 /* Assets.xcassets */,
				648F980E1DB4FBF6009EA284 /* Info.plist */,
			);
			path = macOS;
			sourceTree = "<group>";
		};
		64F70EA31DCAE9AB00DA3802 /* Sources */ = {
			isa = PBXGroup;
			children = (
				648F97F91DB4979C009EA284 /* test.cpp */,
			);
			name = Sources;
			path = sources;
			sourceTree = "<group>";
		};
/* End PBXGroup section */

/* Begin PBXHeadersBuildPhase section */
		64BED30E1DA583B10088E3F4 /* Headers */ = {
			isa = PBXHeadersBuildPhase;
			buildActionMask = 2147483647;
			files = (
				642088AD1DAE687B00B8E59C /* Node.hpp in Headers */,
				64E28FA51DB2186900D1C245 /* Video.hpp in Headers */,
				64F70E991DCA86F100DA3802 /* Mouse.hpp in Headers */,
				649A0E0C1DBCCA1800EE7D46 /* all.hpp in Headers */,
				642088AB1DAE687B00B8E59C /* Screen.hpp in Headers */,
				648F97E91DB41D8A009EA284 /* Scene.hpp in Headers */,
				64E28FAB1DB2193100D1C245 /* ParticleSystem.hpp in Headers */,
				64E28FA61DB2187500D1C245 /* TextureCache.hpp in Headers */,
				642088A81DAE687B00B8E59C /* Texture.hpp in Headers */,
				642088A91DAE687B00B8E59C /* TileMap.hpp in Headers */,
				642088A61DAE687B00B8E59C /* World.hpp in Headers */,
				642088A71DAE687B00B8E59C /* Program.hpp in Headers */,
				64F512711DC93C360015BF34 /* Keyboard.hpp in Headers */,
				64E28FA71DB2187500D1C245 /* TextureFrame.hpp in Headers */,
				642088A51DAE687700B8E59C /* Window.hpp in Headers */,
				648AF1C21DB5F6DC0007A4CC /* scope.hpp in Headers */,
				64F7AFA91DC45EF4001845E4 /* Backend.hpp in Headers */,
				645233751FCA35AD009EC072 /* ObjCSecret.hpp in Headers */,
				64F70E9B1DCAD3F300DA3802 /* Joystick.hpp in Headers */,
				64EE8A741DCEE6D500780976 /* Color.hpp in Headers */,
			);
			runOnlyForDeploymentPostprocessing = 0;
		};
/* End PBXHeadersBuildPhase section */

/* Begin PBXNativeTarget section */
		648F98001DB4FBF6009EA284 /* RUN Test */ = {
			isa = PBXNativeTarget;
			buildConfigurationList = 648F980F1DB4FBF6009EA284 /* Build configuration list for PBXNativeTarget "RUN Test" */;
			buildPhases = (
				648F97FD1DB4FBF6009EA284 /* Sources */,
				648F97FE1DB4FBF6009EA284 /* Frameworks */,
				648F97FF1DB4FBF6009EA284 /* Resources */,
			);
			buildRules = (
			);
			dependencies = (
			);
			name = "RUN Test";
			productName = "Run Test";
			productReference = 648F98011DB4FBF6009EA284 /* RUN Test.app */;
			productType = "com.apple.product-type.application";
		};
		64BED30F1DA583B10088E3F4 /* RUN */ = {
			isa = PBXNativeTarget;
			buildConfigurationList = 64BED3141DA583B10088E3F4 /* Build configuration list for PBXNativeTarget "RUN" */;
			buildPhases = (
				64BED30C1DA583B10088E3F4 /* Sources */,
				64BED30D1DA583B10088E3F4 /* Frameworks */,
				64BED30E1DA583B10088E3F4 /* Headers */,
			);
			buildRules = (
			);
			dependencies = (
			);
			name = RUN;
			productName = Sugar;
			productReference = 64BED3101DA583B10088E3F4 /* libRUN.dylib */;
			productType = "com.apple.product-type.library.dynamic";
		};
/* End PBXNativeTarget section */

/* Begin PBXProject section */
		64BED3081DA583B10088E3F4 /* Project object */ = {
			isa = PBXProject;
			attributes = {
				LastUpgradeCheck = 0730;
				ORGANIZATIONNAME = "Manuel Sainz de Baranda y Goñi";
				TargetAttributes = {
					648F98001DB4FBF6009EA284 = {
						CreatedOnToolsVersion = 7.3.1;
					};
					64BED30F1DA583B10088E3F4 = {
						CreatedOnToolsVersion = 7.3.1;
					};
				};
			};
			buildConfigurationList = 64BED30B1DA583B10088E3F4 /* Build configuration list for PBXProject "RUN (macOS)" */;
			compatibilityVersion = "Xcode 3.2";
			developmentRegion = English;
			hasScannedForEncodings = 0;
			knownRegions = (
				en,
				Base,
			);
			mainGroup = 64BED3071DA583B10088E3F4;
			productRefGroup = 64BED3111DA583B10088E3F4 /* Products */;
			projectDirPath = "";
			projectRoot = "";
			targets = (
				64BED30F1DA583B10088E3F4 /* RUN */,
				648F98001DB4FBF6009EA284 /* RUN Test */,
			);
		};
/* End PBXProject section */

/* Begin PBXResourcesBuildPhase section */
		648F97FF1DB4FBF6009EA284 /* Resources */ = {
			isa = PBXResourcesBuildPhase;
			buildActionMask = 2147483647;
			files = (
				648F980A1DB4FBF6009EA284 /* Assets.xcassets in Resources */,
			);
			runOnlyForDeploymentPostprocessing = 0;
		};
/* End PBXResourcesBuildPhase section */

/* Begin PBXSourcesBuildPhase section */
		648F97FD1DB4FBF6009EA284 /* Sources */ = {
			isa = PBXSourcesBuildPhase;
			buildActionMask = 2147483647;
			files = (
				648F98121DB4FC08009EA284 /* test.cpp in Sources */,
			);
			runOnlyForDeploymentPostprocessing = 0;
		};
		64BED30C1DA583B10088E3F4 /* Sources */ = {
			isa = PBXSourcesBuildPhase;
			buildActionMask = 2147483647;
			files = (
				64F512731DC93C780015BF34 /* Keyboard.cpp in Sources */,
				64BB512C1DB5138F00E33801 /* Program.cpp in Sources */,
				64BED3211DA5879C0088E3F4 /* World.mm in Sources */,
				64EE8A701DCEA4FE00780976 /* Scene.cpp in Sources */,
				648F97FC1DB49941009EA284 /* Program.mm in Sources */,
				64BED3381DA5C6180088E3F4 /* Texture.cpp in Sources */,
				64BED3231DA587B10088E3F4 /* Window.mm in Sources */,
				64E28FA91DB218D700D1C245 /* Video.cpp in Sources */,
				64BED31F1DA587750088E3F4 /* Screen.mm in Sources */,
				6430537E1DBE3F1500BDA4F3 /* World.cpp in Sources */,
				64BED3361DA5C1C40088E3F4 /* TileMap.cpp in Sources */,
				64E28FAD1DB219A300D1C245 /* ParticleSystem.cpp in Sources */,
				64C6BA6A1DBCEA6F00205084 /* Program.mm in Sources */,
				643053801DBE482C00BDA4F3 /* system.cpp in Sources */,
				64BC8E771DB1004500226634 /* TextureFrame.cpp in Sources */,
				642088AF1DAE696A00B8E59C /* Node.cpp in Sources */,
				64BC8E751DB0FFF400226634 /* TextureCache.cpp in Sources */,
			);
			runOnlyForDeploymentPostprocessing = 0;
		};
/* End PBXSourcesBuildPhase section */

/* Begin XCBuildConfiguration section */
		648F98101DB4FBF6009EA284 /* Debug */ = {
			isa = XCBuildConfiguration;
			buildSettings = {
				ASSETCATALOG_COMPILER_APPICON_NAME = AppIcon;
				CLANG_CXX_LANGUAGE_STANDARD = "c++14";
				COMBINE_HIDPI_IMAGES = YES;
				INFOPLIST_FILE = "../../tests/Run Test/resources/macOS/Info.plist";
				LD_RUNPATH_SEARCH_PATHS = "$(inherited) @executable_path/../Frameworks";
				PRODUCT_BUNDLE_IDENTIFIER = "com.joytek.Run-Test";
				PRODUCT_NAME = "$(TARGET_NAME)";
			};
			name = Debug;
		};
		648F98111DB4FBF6009EA284 /* Release */ = {
			isa = XCBuildConfiguration;
			buildSettings = {
				ASSETCATALOG_COMPILER_APPICON_NAME = AppIcon;
				CLANG_CXX_LANGUAGE_STANDARD = "c++14";
				COMBINE_HIDPI_IMAGES = YES;
				INFOPLIST_FILE = "../../tests/Run Test/resources/macOS/Info.plist";
				LD_RUNPATH_SEARCH_PATHS = "$(inherited) @executable_path/../Frameworks";
				PRODUCT_BUNDLE_IDENTIFIER = "com.joytek.Run-Test";
				PRODUCT_NAME = "$(TARGET_NAME)";
			};
			name = Release;
		};
		64BED3121DA583B10088E3F4 /* Debug */ = {
			isa = XCBuildConfiguration;
			buildSettings = {
				ALWAYS_SEARCH_USER_PATHS = NO;
				CLANG_ANALYZER_NONNULL = YES;
				CLANG_CXX_LANGUAGE_STANDARD = "c++0x";
				CLANG_CXX_LIBRARY = "libc++";
				CLANG_ENABLE_MODULES = YES;
				CLANG_WARN_BOOL_CONVERSION = YES;
				CLANG_WARN_CONSTANT_CONVERSION = YES;
				CLANG_WARN_DIRECT_OBJC_ISA_USAGE = YES_ERROR;
				CLANG_WARN_EMPTY_BODY = YES;
				CLANG_WARN_ENUM_CONVERSION = YES;
				CLANG_WARN_INT_CONVERSION = YES;
				CLANG_WARN_OBJC_ROOT_CLASS = YES_ERROR;
				CLANG_WARN_UNREACHABLE_CODE = YES;
				CLANG_WARN__DUPLICATE_METHOD_MATCH = YES;
				CODE_SIGN_IDENTITY = "-";
				COPY_PHASE_STRIP = NO;
				DEBUG_INFORMATION_FORMAT = dwarf;
				ENABLE_STRICT_OBJC_MSGSEND = YES;
				ENABLE_TESTABILITY = YES;
				GCC_C_LANGUAGE_STANDARD = c11;
				GCC_DYNAMIC_NO_PIC = NO;
				GCC_NO_COMMON_BLOCKS = YES;
				GCC_OPTIMIZATION_LEVEL = 0;
				GCC_PREPROCESSOR_DEFINITIONS = (
					"DEBUG=1",
					"$(inherited)",
				);
				GCC_WARN_64_TO_32_BIT_CONVERSION = YES;
				GCC_WARN_ABOUT_RETURN_TYPE = YES_ERROR;
				GCC_WARN_UNDECLARED_SELECTOR = YES;
				GCC_WARN_UNINITIALIZED_AUTOS = YES_AGGRESSIVE;
				GCC_WARN_UNUSED_FUNCTION = YES;
				GCC_WARN_UNUSED_VARIABLE = YES;
				HEADER_SEARCH_PATHS = (
					"../../API/C++",
					"/usr/local/include/C++",
					/usr/local/include,
				);
				MACOSX_DEPLOYMENT_TARGET = 10.7;
				MTL_ENABLE_DEBUG_INFO = YES;
				ONLY_ACTIVE_ARCH = YES;
			};
			name = Debug;
		};
		64BED3131DA583B10088E3F4 /* Release */ = {
			isa = XCBuildConfiguration;
			buildSettings = {
				ALWAYS_SEARCH_USER_PATHS = NO;
				CLANG_ANALYZER_NONNULL = YES;
				CLANG_CXX_LANGUAGE_STANDARD = "c++0x";
				CLANG_CXX_LIBRARY = "libc++";
				CLANG_ENABLE_MODULES = YES;
				CLANG_WARN_BOOL_CONVERSION = YES;
				CLANG_WARN_CONSTANT_CONVERSION = YES;
				CLANG_WARN_DIRECT_OBJC_ISA_USAGE = YES_ERROR;
				CLANG_WARN_EMPTY_BODY = YES;
				CLANG_WARN_ENUM_CONVERSION = YES;
				CLANG_WARN_INT_CONVERSION = YES;
				CLANG_WARN_OBJC_ROOT_CLASS = YES_ERROR;
				CLANG_WARN_UNREACHABLE_CODE = YES;
				CLANG_WARN__DUPLICATE_METHOD_MATCH = YES;
				CODE_SIGN_IDENTITY = "-";
				COPY_PHASE_STRIP = NO;
				DEBUG_INFORMATION_FORMAT = "dwarf-with-dsym";
				ENABLE_NS_ASSERTIONS = NO;
				ENABLE_STRICT_OBJC_MSGSEND = YES;
				GCC_C_LANGUAGE_STANDARD = c11;
				GCC_NO_COMMON_BLOCKS = YES;
				GCC_WARN_64_TO_32_BIT_CONVERSION = YES;
				GCC_WARN_ABOUT_RETURN_TYPE = YES_ERROR;
				GCC_WARN_UNDECLARED_SELECTOR = YES;
				GCC_WARN_UNINITIALIZED_AUTOS = YES_AGGRESSIVE;
				GCC_WARN_UNUSED_FUNCTION = YES;
				GCC_WARN_UNUSED_VARIABLE = YES;
				HEADER_SEARCH_PATHS = (
					"../../API/C++",
					"/usr/local/include/C++",
					/usr/local/include,
				);
				MACOSX_DEPLOYMENT_TARGET = 10.7;
				MTL_ENABLE_DEBUG_INFO = NO;
			};
			name = Release;
		};
		64BED3151DA583B10088E3F4 /* Debug */ = {
			isa = XCBuildConfiguration;
			buildSettings = {
				DYLIB_COMPATIBILITY_VERSION = 1;
				DYLIB_CURRENT_VERSION = 1;
				EXECUTABLE_PREFIX = lib;
				PRODUCT_NAME = RUN;
				PUBLIC_HEADERS_FOLDER_PATH = /usr/local/include/RUN;
			};
			name = Debug;
		};
		64BED3161DA583B10088E3F4 /* Release */ = {
			isa = XCBuildConfiguration;
			buildSettings = {
				DYLIB_COMPATIBILITY_VERSION = 1;
				DYLIB_CURRENT_VERSION = 1;
				EXECUTABLE_PREFIX = lib;
				PRODUCT_NAME = RUN;
				PUBLIC_HEADERS_FOLDER_PATH = /usr/local/include/RUN;
			};
			name = Release;
		};
/* End XCBuildConfiguration section */

/* Begin XCConfigurationList section */
		648F980F1DB4FBF6009EA284 /* Build configuration list for PBXNativeTarget "RUN Test" */ = {
			isa = XCConfigurationList;
			buildConfigurations = (
				648F98101DB4FBF6009EA284 /* Debug */,
				648F98111DB4FBF6009EA284 /* Release */,
			);
			defaultConfigurationIsVisible = 0;
			defaultConfigurationName = Release;
		};
		64BED30B1DA583B10088E3F4 /* Build configuration list for PBXProject "RUN (macOS)" */ = {
			isa = XCConfigurationList;
			buildConfigurations = (
				64BED3121DA583B10088E3F4 /* Debug */,
				64BED3131DA583B10088E3F4 /* Release */,
			);
			defaultConfigurationIsVisible = 0;
			defaultConfigurationName = Release;
		};
		64BED3141DA583B10088E3F4 /* Build configuration list for PBXNativeTarget "RUN" */ = {
			isa = XCConfigurationList;
			buildConfigurations = (
				64BED3151DA583B10088E3F4 /* Debug */,
				64BED3161DA583B10088E3F4 /* Release */,
			);
			defaultConfigurationIsVisible = 0;
			defaultConfigurationName = Release;
		};
/* End XCConfigurationList section */
	};
	rootObject = 64BED3081DA583B10088E3F4 /* Project object */;
}
