// !$*UTF8*$!
{
	archiveVersion = 1;
	classes = {
	};
	objectVersion = 46;
	objects = {

/* Begin PBXCopyFilesBuildPhase section */
		64C6BA771DBCF33000205084 /* CopyFiles */ = {
			isa = PBXCopyFilesBuildPhase;
			buildActionMask = 2147483647;
			dstPath = "include/$(PRODUCT_NAME)";
			dstSubfolderSpec = 16;
			files = (
			);
			runOnlyForDeploymentPostprocessing = 0;
		};
/* End PBXCopyFilesBuildPhase section */

/* Begin PBXFileReference section */
		64C6BA791DBCF33000205084 /* libRUN.a */ = {isa = PBXFileReference; explicitFileType = archive.ar; includeInIndex = 0; path = libRUN.a; sourceTree = BUILT_PRODUCTS_DIR; };
		64C6BA8D1DBCF57D00205084 /* all.hpp */ = {isa = PBXFileReference; fileEncoding = 4; lastKnownFileType = sourcecode.cpp.h; path = all.hpp; sourceTree = "<group>"; };
		64C6BA8E1DBCF57D00205084 /* scope.hpp */ = {isa = PBXFileReference; fileEncoding = 4; lastKnownFileType = sourcecode.cpp.h; path = scope.hpp; sourceTree = "<group>"; };
		64C6BA901DBCF57D00205084 /* World.hpp */ = {isa = PBXFileReference; lastKnownFileType = sourcecode.cpp.h; path = World.hpp; sourceTree = "<group>"; };
		64C6BA911DBCF57D00205084 /* Node.hpp */ = {isa = PBXFileReference; lastKnownFileType = sourcecode.cpp.h; path = Node.hpp; sourceTree = "<group>"; };
		64C6BA921DBCF57D00205084 /* ParticleSystem.hpp */ = {isa = PBXFileReference; fileEncoding = 4; lastKnownFileType = sourcecode.cpp.h; path = ParticleSystem.hpp; sourceTree = "<group>"; };
		64C6BA931DBCF57D00205084 /* Program.hpp */ = {isa = PBXFileReference; lastKnownFileType = sourcecode.cpp.h; path = Program.hpp; sourceTree = "<group>"; };
		64C6BA951DBCF57D00205084 /* Scene.hpp */ = {isa = PBXFileReference; lastKnownFileType = sourcecode.cpp.h; path = Scene.hpp; sourceTree = "<group>"; };
		64C6BA961DBCF57D00205084 /* Screen.hpp */ = {isa = PBXFileReference; lastKnownFileType = sourcecode.cpp.h; path = Screen.hpp; sourceTree = "<group>"; };
		64C6BA971DBCF57D00205084 /* Texture.hpp */ = {isa = PBXFileReference; lastKnownFileType = sourcecode.cpp.h; path = Texture.hpp; sourceTree = "<group>"; };
		64C6BA981DBCF57D00205084 /* TextureCache.hpp */ = {isa = PBXFileReference; lastKnownFileType = sourcecode.cpp.h; path = TextureCache.hpp; sourceTree = "<group>"; };
		64C6BA991DBCF57D00205084 /* TextureFrame.hpp */ = {isa = PBXFileReference; lastKnownFileType = sourcecode.cpp.h; path = TextureFrame.hpp; sourceTree = "<group>"; };
		64C6BA9A1DBCF57D00205084 /* TileMap.hpp */ = {isa = PBXFileReference; lastKnownFileType = sourcecode.cpp.h; path = TileMap.hpp; sourceTree = "<group>"; };
		64C6BA9B1DBCF57D00205084 /* Video.hpp */ = {isa = PBXFileReference; fileEncoding = 4; lastKnownFileType = sourcecode.cpp.h; path = Video.hpp; sourceTree = "<group>"; };
		64C6BA9D1DBCF57D00205084 /* Window.hpp */ = {isa = PBXFileReference; lastKnownFileType = sourcecode.cpp.h; path = Window.hpp; sourceTree = "<group>"; };
/* End PBXFileReference section */

/* Begin PBXFrameworksBuildPhase section */
		64C6BA761DBCF33000205084 /* Frameworks */ = {
			isa = PBXFrameworksBuildPhase;
			buildActionMask = 2147483647;
			files = (
			);
			runOnlyForDeploymentPostprocessing = 0;
		};
/* End PBXFrameworksBuildPhase section */

/* Begin PBXGroup section */
		64C6BA701DBCF33000205084 = {
			isa = PBXGroup;
			children = (
				64C6BA8B1DBCF55B00205084 /* API */,
				64C6BA8C1DBCF55F00205084 /* Sources */,
				64C6BA7A1DBCF33000205084 /* Products */,
			);
			sourceTree = "<group>";
		};
		64C6BA7A1DBCF33000205084 /* Products */ = {
			isa = PBXGroup;
			children = (
				64C6BA791DBCF33000205084 /* libRUN.a */,
			);
			name = Products;
			sourceTree = "<group>";
		};
		64C6BA8B1DBCF55B00205084 /* API */ = {
			isa = PBXGroup;
			children = (
				64C6BA8D1DBCF57D00205084 /* all.hpp */,
				64C6BA8E1DBCF57D00205084 /* scope.hpp */,
				64C6BA901DBCF57D00205084 /* World.hpp */,
				64C6BA911DBCF57D00205084 /* Node.hpp */,
				64C6BA921DBCF57D00205084 /* ParticleSystem.hpp */,
				64C6BA931DBCF57D00205084 /* Program.hpp */,
				64C6BA951DBCF57D00205084 /* Scene.hpp */,
				64C6BA961DBCF57D00205084 /* Screen.hpp */,
				64C6BA971DBCF57D00205084 /* Texture.hpp */,
				64C6BA981DBCF57D00205084 /* TextureCache.hpp */,
				64C6BA991DBCF57D00205084 /* TextureFrame.hpp */,
				64C6BA9A1DBCF57D00205084 /* TileMap.hpp */,
				64C6BA9B1DBCF57D00205084 /* Video.hpp */,
				64C6BA9D1DBCF57D00205084 /* Window.hpp */,
			);
			name = API;
			path = "../../API/C++/RUN";
			sourceTree = "<group>";
		};
		64C6BA8C1DBCF55F00205084 /* Sources */ = {
			isa = PBXGroup;
			children = (
			);
			name = Sources;
			path = ../../sources;
			sourceTree = "<group>";
		};
/* End PBXGroup section */

/* Begin PBXNativeTarget section */
		64C6BA781DBCF33000205084 /* RUN */ = {
			isa = PBXNativeTarget;
			buildConfigurationList = 64C6BA821DBCF33000205084 /* Build configuration list for PBXNativeTarget "RUN" */;
			buildPhases = (
				64C6BA751DBCF33000205084 /* Sources */,
				64C6BA761DBCF33000205084 /* Frameworks */,
				64C6BA771DBCF33000205084 /* CopyFiles */,
			);
			buildRules = (
			);
			dependencies = (
			);
			name = RUN;
			productName = RUN;
			productReference = 64C6BA791DBCF33000205084 /* libRUN.a */;
			productType = "com.apple.product-type.library.static";
		};
/* End PBXNativeTarget section */

/* Begin PBXProject section */
		64C6BA711DBCF33000205084 /* Project object */ = {
			isa = PBXProject;
			attributes = {
				LastUpgradeCheck = 0730;
				ORGANIZATIONNAME = "Manuel Sainz de Baranda y Goñi";
				TargetAttributes = {
					64C6BA781DBCF33000205084 = {
						CreatedOnToolsVersion = 7.3.1;
					};
				};
			};
			buildConfigurationList = 64C6BA741DBCF33000205084 /* Build configuration list for PBXProject "RUN (tvOS)" */;
			compatibilityVersion = "Xcode 3.2";
			developmentRegion = English;
			hasScannedForEncodings = 0;
			knownRegions = (
				en,
			);
			mainGroup = 64C6BA701DBCF33000205084;
			productRefGroup = 64C6BA7A1DBCF33000205084 /* Products */;
			projectDirPath = "";
			projectRoot = "";
			targets = (
				64C6BA781DBCF33000205084 /* RUN */,
			);
		};
/* End PBXProject section */

/* Begin PBXSourcesBuildPhase section */
		64C6BA751DBCF33000205084 /* Sources */ = {
			isa = PBXSourcesBuildPhase;
			buildActionMask = 2147483647;
			files = (
			);
			runOnlyForDeploymentPostprocessing = 0;
		};
/* End PBXSourcesBuildPhase section */

/* Begin XCBuildConfiguration section */
		64C6BA801DBCF33000205084 /* Debug */ = {
			isa = XCBuildConfiguration;
			buildSettings = {
				ALWAYS_SEARCH_USER_PATHS = NO;
				CLANG_ANALYZER_NONNULL = YES;
				CLANG_CXX_LANGUAGE_STANDARD = "gnu++0x";
				CLANG_CXX_LIBRARY = "libc++";
				CLANG_ENABLE_MODULES = YES;
				CLANG_ENABLE_OBJC_ARC = YES;
				CLANG_WARN_BOOL_CONVERSION = YES;
				CLANG_WARN_CONSTANT_CONVERSION = YES;
				CLANG_WARN_DIRECT_OBJC_ISA_USAGE = YES_ERROR;
				CLANG_WARN_EMPTY_BODY = YES;
				CLANG_WARN_ENUM_CONVERSION = YES;
				CLANG_WARN_INT_CONVERSION = YES;
				CLANG_WARN_OBJC_ROOT_CLASS = YES_ERROR;
				CLANG_WARN_UNREACHABLE_CODE = YES;
				CLANG_WARN__DUPLICATE_METHOD_MATCH = YES;
				COPY_PHASE_STRIP = NO;
				DEBUG_INFORMATION_FORMAT = dwarf;
				ENABLE_STRICT_OBJC_MSGSEND = YES;
				ENABLE_TESTABILITY = YES;
				GCC_C_LANGUAGE_STANDARD = gnu99;
				GCC_DYNAMIC_NO_PIC = NO;
				GCC_NO_COMMON_BLOCKS = YES;
				GCC_OPTIMIZATION_LEVEL = 0;
				GCC_PREPROCESSOR_DEFINITIONS = (
					"DEBUG=1",
					"$(inherited)",
				);
				GCC_WARN_64_TO_32_BIT_CONVERSION = YES;
				GCC_WARN_ABOUT_RETURN_TYPE = YES_ERROR;
				GCC_WARN_UNDECLARED_SELECTOR = YES;
				GCC_WARN_UNINITIALIZED_AUTOS = YES_AGGRESSIVE;
				GCC_WARN_UNUSED_FUNCTION = YES;
				GCC_WARN_UNUSED_VARIABLE = YES;
				MTL_ENABLE_DEBUG_INFO = YES;
				ONLY_ACTIVE_ARCH = YES;
				SDKROOT = appletvos;
				TVOS_DEPLOYMENT_TARGET = 9.2;
			};
			name = Debug;
		};
		64C6BA811DBCF33000205084 /* Release */ = {
			isa = XCBuildConfiguration;
			buildSettings = {
				ALWAYS_SEARCH_USER_PATHS = NO;
				CLANG_ANALYZER_NONNULL = YES;
				CLANG_CXX_LANGUAGE_STANDARD = "gnu++0x";
				CLANG_CXX_LIBRARY = "libc++";
				CLANG_ENABLE_MODULES = YES;
				CLANG_ENABLE_OBJC_ARC = YES;
				CLANG_WARN_BOOL_CONVERSION = YES;
				CLANG_WARN_CONSTANT_CONVERSION = YES;
				CLANG_WARN_DIRECT_OBJC_ISA_USAGE = YES_ERROR;
				CLANG_WARN_EMPTY_BODY = YES;
				CLANG_WARN_ENUM_CONVERSION = YES;
				CLANG_WARN_INT_CONVERSION = YES;
				CLANG_WARN_OBJC_ROOT_CLASS = YES_ERROR;
				CLANG_WARN_UNREACHABLE_CODE = YES;
				CLANG_WARN__DUPLICATE_METHOD_MATCH = YES;
				COPY_PHASE_STRIP = NO;
				DEBUG_INFORMATION_FORMAT = "dwarf-with-dsym";
				ENABLE_NS_ASSERTIONS = NO;
				ENABLE_STRICT_OBJC_MSGSEND = YES;
				GCC_C_LANGUAGE_STANDARD = gnu99;
				GCC_NO_COMMON_BLOCKS = YES;
				GCC_WARN_64_TO_32_BIT_CONVERSION = YES;
				GCC_WARN_ABOUT_RETURN_TYPE = YES_ERROR;
				GCC_WARN_UNDECLARED_SELECTOR = YES;
				GCC_WARN_UNINITIALIZED_AUTOS = YES_AGGRESSIVE;
				GCC_WARN_UNUSED_FUNCTION = YES;
				GCC_WARN_UNUSED_VARIABLE = YES;
				MTL_ENABLE_DEBUG_INFO = NO;
				SDKROOT = appletvos;
				TVOS_DEPLOYMENT_TARGET = 9.2;
				VALIDATE_PRODUCT = YES;
			};
			name = Release;
		};
		64C6BA831DBCF33000205084 /* Debug */ = {
			isa = XCBuildConfiguration;
			buildSettings = {
				OTHER_LDFLAGS = "-ObjC";
				PRODUCT_NAME = "$(TARGET_NAME)";
				SKIP_INSTALL = YES;
			};
			name = Debug;
		};
		64C6BA841DBCF33000205084 /* Release */ = {
			isa = XCBuildConfiguration;
			buildSettings = {
				OTHER_LDFLAGS = "-ObjC";
				PRODUCT_NAME = "$(TARGET_NAME)";
				SKIP_INSTALL = YES;
			};
			name = Release;
		};
/* End XCBuildConfiguration section */

/* Begin XCConfigurationList section */
		64C6BA741DBCF33000205084 /* Build configuration list for PBXProject "RUN (tvOS)" */ = {
			isa = XCConfigurationList;
			buildConfigurations = (
				64C6BA801DBCF33000205084 /* Debug */,
				64C6BA811DBCF33000205084 /* Release */,
			);
			defaultConfigurationIsVisible = 0;
			defaultConfigurationName = Release;
		};
		64C6BA821DBCF33000205084 /* Build configuration list for PBXNativeTarget "RUN" */ = {
			isa = XCConfigurationList;
			buildConfigurations = (
				64C6BA831DBCF33000205084 /* Debug */,
				64C6BA841DBCF33000205084 /* Release */,
			);
			defaultConfigurationIsVisible = 0;
			defaultConfigurationName = Release;
		};
/* End XCConfigurationList section */
	};
	rootObject = 64C6BA711DBCF33000205084 /* Project object */;
}
